Microsoft Visual Studio Solution File, Format Version 10.00
# Visual Studio 2008
Project("{2150E333-8FDC-42A3-9474-1A3956D46DE8}") = "devices", "devices", "{D8ACAEEA-07BB-48F1-A342-1D72752BB338}"
EndProject
Project("{2150E333-8FDC-42A3-9474-1A3956D46DE8}") = "common", "common", "{F51DB532-2CFB-4C4C-9C3A-B23F94C2811D}"
EndProject
Project("{2150E333-8FDC-42A3-9474-1A3956D46DE8}") = "renderer", "renderer", "{E728A04F-9662-4246-9FA3-640C28A7BFC7}"
EndProject
Project("{2150E333-8FDC-42A3-9474-1A3956D46DE8}") = "doc", "doc", "{C11E295C-BBD9-47D0-951E-0C820CF60D53}"
	ProjectSection(SolutionItems) = preProject
		README.txt = README.txt
	EndProjectSection
EndProject
Project("{EAF909A5-FA59-4C3D-9431-0FCC20D5BCF9}") = "image", "common\image\image.icproj", "{8F98B3AB-320B-4BFE-9E19-978F6EE55CBE}"
EndProject
Project("{EAF909A5-FA59-4C3D-9431-0FCC20D5BCF9}") = "lexers", "common\lexers\lexers.icproj", "{AF49135E-17B5-4206-872C-8B981E0956ED}"
EndProject
Project("{EAF909A5-FA59-4C3D-9431-0FCC20D5BCF9}") = "sys", "common\sys\sys.icproj", "{EECC5C81-259B-4FB3-BB80-496D7C98CE14}"
EndProject
Project("{EAF909A5-FA59-4C3D-9431-0FCC20D5BCF9}") = "renderer", "devices\renderer\renderer.icproj", "{06A4FEC4-58E5-46CC-BF09-F1D816E424B7}"
	ProjectSection(ProjectDependencies) = postProject
		{1128EA1D-0270-4361-A051-A10E29B67EF1} = {1128EA1D-0270-4361-A051-A10E29B67EF1}
		{AF49135E-17B5-4206-872C-8B981E0956ED} = {AF49135E-17B5-4206-872C-8B981E0956ED}
		{EECC5C81-259B-4FB3-BB80-496D7C98CE14} = {EECC5C81-259B-4FB3-BB80-496D7C98CE14}
		{8F98B3AB-320B-4BFE-9E19-978F6EE55CBE} = {8F98B3AB-320B-4BFE-9E19-978F6EE55CBE}
	EndProjectSection
EndProject
Project("{EAF909A5-FA59-4C3D-9431-0FCC20D5BCF9}") = "renderer_server", "devices\device_network\network_server.icproj", "{A1912092-78E3-4C00-8EAB-B7CFC7B6E523}"
	ProjectSection(ProjectDependencies) = postProject
		{1128EA1D-0270-4361-A051-A10E29B67EF1} = {1128EA1D-0270-4361-A051-A10E29B67EF1}
		{EECC5C81-259B-4FB3-BB80-496D7C98CE14} = {EECC5C81-259B-4FB3-BB80-496D7C98CE14}
	EndProjectSection
EndProject
Project("{EAF909A5-FA59-4C3D-9431-0FCC20D5BCF9}") = "device", "devices\device\device.icproj", "{1128EA1D-0270-4361-A051-A10E29B67EF1}"
EndProject
Project("{EAF909A5-FA59-4C3D-9431-0FCC20D5BCF9}") = "device_ispc", "devices\device_ispc\device_ispc.icproj", "{612DC4BF-1655-4167-837C-4DD416D83951}"
	ProjectSection(ProjectDependencies) = postProject
		{EECC5C81-259B-4FB3-BB80-496D7C98CE14} = {EECC5C81-259B-4FB3-BB80-496D7C98CE14}
		{8F98B3AB-320B-4BFE-9E19-978F6EE55CBE} = {8F98B3AB-320B-4BFE-9E19-978F6EE55CBE}
	EndProjectSection
EndProject
Project("{EAF909A5-FA59-4C3D-9431-0FCC20D5BCF9}") = "device_network", "devices\device_network\network_device.icproj", "{3A6F628E-8EC0-486A-A4D5-3152C553114F}"
	ProjectSection(ProjectDependencies) = postProject
		{EECC5C81-259B-4FB3-BB80-496D7C98CE14} = {EECC5C81-259B-4FB3-BB80-496D7C98CE14}
		{8F98B3AB-320B-4BFE-9E19-978F6EE55CBE} = {8F98B3AB-320B-4BFE-9E19-978F6EE55CBE}
	EndProjectSection
EndProject
Project("{EAF909A5-FA59-4C3D-9431-0FCC20D5BCF9}") = "device_singleray", "devices\device_singleray\device_singleray.icproj", "{80B6E6B5-91F2-4705-9B6B-AF3A6DCD5489}"
	ProjectSection(ProjectDependencies) = postProject
		{EECC5C81-259B-4FB3-BB80-496D7C98CE14} = {EECC5C81-259B-4FB3-BB80-496D7C98CE14}
		{8F98B3AB-320B-4BFE-9E19-978F6EE55CBE} = {8F98B3AB-320B-4BFE-9E19-978F6EE55CBE}
	EndProjectSection
EndProject
Global
	GlobalSection(IntelOptPkgProperties) = preSolution
		LoadPackage = true
	EndGlobalSection
	GlobalSection(SolutionConfigurationPlatforms) = preSolution
		Debug|Win32 = Debug|Win32
		Debug|x64 = Debug|x64
		Release|Win32 = Release|Win32
		Release|x64 = Release|x64
		ReleaseAVX|Win32 = ReleaseAVX|Win32
		ReleaseAVX|x64 = ReleaseAVX|x64
		ReleaseAVX2|Win32 = ReleaseAVX2|Win32
		ReleaseAVX2|x64 = ReleaseAVX2|x64
	EndGlobalSection
	GlobalSection(ProjectConfigurationPlatforms) = postSolution
		{8F98B3AB-320B-4BFE-9E19-978F6EE55CBE}.Debug|Win32.ActiveCfg = Debug|Win32
		{8F98B3AB-320B-4BFE-9E19-978F6EE55CBE}.Debug|Win32.Build.0 = Debug|Win32
		{8F98B3AB-320B-4BFE-9E19-978F6EE55CBE}.Debug|x64.ActiveCfg = Debug|x64
		{8F98B3AB-320B-4BFE-9E19-978F6EE55CBE}.Debug|x64.Build.0 = Debug|x64
		{8F98B3AB-320B-4BFE-9E19-978F6EE55CBE}.Release|Win32.ActiveCfg = Release|Win32
		{8F98B3AB-320B-4BFE-9E19-978F6EE55CBE}.Release|Win32.Build.0 = Release|Win32
		{8F98B3AB-320B-4BFE-9E19-978F6EE55CBE}.Release|x64.ActiveCfg = Release|x64
		{8F98B3AB-320B-4BFE-9E19-978F6EE55CBE}.Release|x64.Build.0 = Release|x64
		{8F98B3AB-320B-4BFE-9E19-978F6EE55CBE}.ReleaseAVX|Win32.ActiveCfg = ReleaseAVX|Win32
		{8F98B3AB-320B-4BFE-9E19-978F6EE55CBE}.ReleaseAVX|Win32.Build.0 = ReleaseAVX|Win32
		{8F98B3AB-320B-4BFE-9E19-978F6EE55CBE}.ReleaseAVX|x64.ActiveCfg = ReleaseAVX|x64
		{8F98B3AB-320B-4BFE-9E19-978F6EE55CBE}.ReleaseAVX|x64.Build.0 = ReleaseAVX|x64
		{8F98B3AB-320B-4BFE-9E19-978F6EE55CBE}.ReleaseAVX2|Win32.ActiveCfg = ReleaseAVX2|Win32
		{8F98B3AB-320B-4BFE-9E19-978F6EE55CBE}.ReleaseAVX2|Win32.Build.0 = ReleaseAVX2|Win32
		{8F98B3AB-320B-4BFE-9E19-978F6EE55CBE}.ReleaseAVX2|x64.ActiveCfg = ReleaseAVX2|x64
		{8F98B3AB-320B-4BFE-9E19-978F6EE55CBE}.ReleaseAVX2|x64.Build.0 = ReleaseAVX2|x64
		{AF49135E-17B5-4206-872C-8B981E0956ED}.Debug|Win32.ActiveCfg = Debug|Win32
		{AF49135E-17B5-4206-872C-8B981E0956ED}.Debug|Win32.Build.0 = Debug|Win32
		{AF49135E-17B5-4206-872C-8B981E0956ED}.Debug|x64.ActiveCfg = Debug|x64
		{AF49135E-17B5-4206-872C-8B981E0956ED}.Debug|x64.Build.0 = Debug|x64
		{AF49135E-17B5-4206-872C-8B981E0956ED}.Release|Win32.ActiveCfg = Release|Win32
		{AF49135E-17B5-4206-872C-8B981E0956ED}.Release|Win32.Build.0 = Release|Win32
		{AF49135E-17B5-4206-872C-8B981E0956ED}.Release|x64.ActiveCfg = Release|x64
		{AF49135E-17B5-4206-872C-8B981E0956ED}.Release|x64.Build.0 = Release|x64
		{AF49135E-17B5-4206-872C-8B981E0956ED}.ReleaseAVX|Win32.ActiveCfg = ReleaseAVX|Win32
		{AF49135E-17B5-4206-872C-8B981E0956ED}.ReleaseAVX|Win32.Build.0 = ReleaseAVX|Win32
		{AF49135E-17B5-4206-872C-8B981E0956ED}.ReleaseAVX|x64.ActiveCfg = ReleaseAVX|x64
		{AF49135E-17B5-4206-872C-8B981E0956ED}.ReleaseAVX|x64.Build.0 = ReleaseAVX|x64
		{AF49135E-17B5-4206-872C-8B981E0956ED}.ReleaseAVX2|Win32.ActiveCfg = ReleaseAVX2|Win32
		{AF49135E-17B5-4206-872C-8B981E0956ED}.ReleaseAVX2|Win32.Build.0 = ReleaseAVX2|Win32
		{AF49135E-17B5-4206-872C-8B981E0956ED}.ReleaseAVX2|x64.ActiveCfg = ReleaseAVX2|x64
		{AF49135E-17B5-4206-872C-8B981E0956ED}.ReleaseAVX2|x64.Build.0 = ReleaseAVX2|x64
		{EECC5C81-259B-4FB3-BB80-496D7C98CE14}.Debug|Win32.ActiveCfg = Debug|Win32
		{EECC5C81-259B-4FB3-BB80-496D7C98CE14}.Debug|Win32.Build.0 = Debug|Win32
		{EECC5C81-259B-4FB3-BB80-496D7C98CE14}.Debug|x64.ActiveCfg = Debug|x64
		{EECC5C81-259B-4FB3-BB80-496D7C98CE14}.Debug|x64.Build.0 = Debug|x64
		{EECC5C81-259B-4FB3-BB80-496D7C98CE14}.Release|Win32.ActiveCfg = Release|Win32
		{EECC5C81-259B-4FB3-BB80-496D7C98CE14}.Release|Win32.Build.0 = Release|Win32
		{EECC5C81-259B-4FB3-BB80-496D7C98CE14}.Release|x64.ActiveCfg = Release|x64
		{EECC5C81-259B-4FB3-BB80-496D7C98CE14}.Release|x64.Build.0 = Release|x64
		{EECC5C81-259B-4FB3-BB80-496D7C98CE14}.ReleaseAVX|Win32.ActiveCfg = ReleaseAVX|Win32
		{EECC5C81-259B-4FB3-BB80-496D7C98CE14}.ReleaseAVX|Win32.Build.0 = ReleaseAVX|Win32
		{EECC5C81-259B-4FB3-BB80-496D7C98CE14}.ReleaseAVX|x64.ActiveCfg = ReleaseAVX|x64
		{EECC5C81-259B-4FB3-BB80-496D7C98CE14}.ReleaseAVX|x64.Build.0 = ReleaseAVX|x64
		{EECC5C81-259B-4FB3-BB80-496D7C98CE14}.ReleaseAVX2|Win32.ActiveCfg = ReleaseAVX2|Win32
		{EECC5C81-259B-4FB3-BB80-496D7C98CE14}.ReleaseAVX2|Win32.Build.0 = ReleaseAVX2|Win32
		{EECC5C81-259B-4FB3-BB80-496D7C98CE14}.ReleaseAVX2|x64.ActiveCfg = ReleaseAVX2|x64
		{EECC5C81-259B-4FB3-BB80-496D7C98CE14}.ReleaseAVX2|x64.Build.0 = ReleaseAVX2|x64
		{06A4FEC4-58E5-46CC-BF09-F1D816E424B7}.Debug|Win32.ActiveCfg = Debug|Win32
		{06A4FEC4-58E5-46CC-BF09-F1D816E424B7}.Debug|Win32.Build.0 = Debug|Win32
		{06A4FEC4-58E5-46CC-BF09-F1D816E424B7}.Debug|x64.ActiveCfg = Debug|x64
		{06A4FEC4-58E5-46CC-BF09-F1D816E424B7}.Debug|x64.Build.0 = Debug|x64
		{06A4FEC4-58E5-46CC-BF09-F1D816E424B7}.Release|Win32.ActiveCfg = Release|Win32
		{06A4FEC4-58E5-46CC-BF09-F1D816E424B7}.Release|Win32.Build.0 = Release|Win32
		{06A4FEC4-58E5-46CC-BF09-F1D816E424B7}.Release|x64.ActiveCfg = Release|x64
		{06A4FEC4-58E5-46CC-BF09-F1D816E424B7}.Release|x64.Build.0 = Release|x64
		{06A4FEC4-58E5-46CC-BF09-F1D816E424B7}.ReleaseAVX|Win32.ActiveCfg = ReleaseAVX|Win32
		{06A4FEC4-58E5-46CC-BF09-F1D816E424B7}.ReleaseAVX|Win32.Build.0 = ReleaseAVX|Win32
		{06A4FEC4-58E5-46CC-BF09-F1D816E424B7}.ReleaseAVX|x64.ActiveCfg = ReleaseAVX|x64
		{06A4FEC4-58E5-46CC-BF09-F1D816E424B7}.ReleaseAVX|x64.Build.0 = ReleaseAVX|x64
		{06A4FEC4-58E5-46CC-BF09-F1D816E424B7}.ReleaseAVX2|Win32.ActiveCfg = ReleaseAVX2|Win32
		{06A4FEC4-58E5-46CC-BF09-F1D816E424B7}.ReleaseAVX2|Win32.Build.0 = ReleaseAVX2|Win32
		{06A4FEC4-58E5-46CC-BF09-F1D816E424B7}.ReleaseAVX2|x64.ActiveCfg = ReleaseAVX2|x64
		{06A4FEC4-58E5-46CC-BF09-F1D816E424B7}.ReleaseAVX2|x64.Build.0 = ReleaseAVX2|x64
		{A1912092-78E3-4C00-8EAB-B7CFC7B6E523}.Debug|Win32.ActiveCfg = Debug|Win32
		{A1912092-78E3-4C00-8EAB-B7CFC7B6E523}.Debug|Win32.Build.0 = Debug|Win32
		{A1912092-78E3-4C00-8EAB-B7CFC7B6E523}.Debug|x64.ActiveCfg = Debug|x64
		{A1912092-78E3-4C00-8EAB-B7CFC7B6E523}.Debug|x64.Build.0 = Debug|x64
		{A1912092-78E3-4C00-8EAB-B7CFC7B6E523}.Release|Win32.ActiveCfg = Release|Win32
		{A1912092-78E3-4C00-8EAB-B7CFC7B6E523}.Release|Win32.Build.0 = Release|Win32
		{A1912092-78E3-4C00-8EAB-B7CFC7B6E523}.Release|x64.ActiveCfg = Release|x64
		{A1912092-78E3-4C00-8EAB-B7CFC7B6E523}.Release|x64.Build.0 = Release|x64
		{A1912092-78E3-4C00-8EAB-B7CFC7B6E523}.ReleaseAVX|Win32.ActiveCfg = ReleaseAVX|Win32
		{A1912092-78E3-4C00-8EAB-B7CFC7B6E523}.ReleaseAVX|Win32.Build.0 = ReleaseAVX|Win32
		{A1912092-78E3-4C00-8EAB-B7CFC7B6E523}.ReleaseAVX|x64.ActiveCfg = ReleaseAVX|x64
		{A1912092-78E3-4C00-8EAB-B7CFC7B6E523}.ReleaseAVX|x64.Build.0 = ReleaseAVX|x64
		{A1912092-78E3-4C00-8EAB-B7CFC7B6E523}.ReleaseAVX2|Win32.ActiveCfg = ReleaseAVX2|Win32
		{A1912092-78E3-4C00-8EAB-B7CFC7B6E523}.ReleaseAVX2|Win32.Build.0 = ReleaseAVX2|Win32
		{A1912092-78E3-4C00-8EAB-B7CFC7B6E523}.ReleaseAVX2|x64.ActiveCfg = ReleaseAVX2|x64
		{A1912092-78E3-4C00-8EAB-B7CFC7B6E523}.ReleaseAVX2|x64.Build.0 = ReleaseAVX2|x64
		{1128EA1D-0270-4361-A051-A10E29B67EF1}.Debug|Win32.ActiveCfg = Debug|Win32
		{1128EA1D-0270-4361-A051-A10E29B67EF1}.Debug|Win32.Build.0 = Debug|Win32
		{1128EA1D-0270-4361-A051-A10E29B67EF1}.Debug|x64.ActiveCfg = Debug|x64
		{1128EA1D-0270-4361-A051-A10E29B67EF1}.Debug|x64.Build.0 = Debug|x64
		{1128EA1D-0270-4361-A051-A10E29B67EF1}.Release|Win32.ActiveCfg = Release|Win32
		{1128EA1D-0270-4361-A051-A10E29B67EF1}.Release|Win32.Build.0 = Release|Win32
		{1128EA1D-0270-4361-A051-A10E29B67EF1}.Release|x64.ActiveCfg = Release|x64
		{1128EA1D-0270-4361-A051-A10E29B67EF1}.Release|x64.Build.0 = Release|x64
		{1128EA1D-0270-4361-A051-A10E29B67EF1}.ReleaseAVX|Win32.ActiveCfg = ReleaseAVX|Win32
		{1128EA1D-0270-4361-A051-A10E29B67EF1}.ReleaseAVX|Win32.Build.0 = ReleaseAVX|Win32
		{1128EA1D-0270-4361-A051-A10E29B67EF1}.ReleaseAVX|x64.ActiveCfg = ReleaseAVX|x64
		{1128EA1D-0270-4361-A051-A10E29B67EF1}.ReleaseAVX|x64.Build.0 = ReleaseAVX|x64
		{1128EA1D-0270-4361-A051-A10E29B67EF1}.ReleaseAVX2|Win32.ActiveCfg = ReleaseAVX2|Win32
		{1128EA1D-0270-4361-A051-A10E29B67EF1}.ReleaseAVX2|Win32.Build.0 = ReleaseAVX2|Win32
		{1128EA1D-0270-4361-A051-A10E29B67EF1}.ReleaseAVX2|x64.ActiveCfg = ReleaseAVX2|x64
		{1128EA1D-0270-4361-A051-A10E29B67EF1}.ReleaseAVX2|x64.Build.0 = ReleaseAVX2|x64
		{612DC4BF-1655-4167-837C-4DD416D83951}.Debug|Win32.ActiveCfg = Debug|Win32
		{612DC4BF-1655-4167-837C-4DD416D83951}.Debug|Win32.Build.0 = Debug|Win32
		{612DC4BF-1655-4167-837C-4DD416D83951}.Debug|x64.ActiveCfg = Debug|x64
		{612DC4BF-1655-4167-837C-4DD416D83951}.Debug|x64.Build.0 = Debug|x64
		{612DC4BF-1655-4167-837C-4DD416D83951}.Release|Win32.ActiveCfg = Release|Win32
		{612DC4BF-1655-4167-837C-4DD416D83951}.Release|Win32.Build.0 = Release|Win32
		{612DC4BF-1655-4167-837C-4DD416D83951}.Release|x64.ActiveCfg = Release|x64
		{612DC4BF-1655-4167-837C-4DD416D83951}.Release|x64.Build.0 = Release|x64
		{612DC4BF-1655-4167-837C-4DD416D83951}.ReleaseAVX|Win32.ActiveCfg = ReleaseAVX|Win32
		{612DC4BF-1655-4167-837C-4DD416D83951}.ReleaseAVX|Win32.Build.0 = ReleaseAVX|Win32
		{612DC4BF-1655-4167-837C-4DD416D83951}.ReleaseAVX|x64.ActiveCfg = ReleaseAVX|x64
		{612DC4BF-1655-4167-837C-4DD416D83951}.ReleaseAVX|x64.Build.0 = ReleaseAVX|x64
		{612DC4BF-1655-4167-837C-4DD416D83951}.ReleaseAVX2|Win32.ActiveCfg = ReleaseAVX2|Win32
		{612DC4BF-1655-4167-837C-4DD416D83951}.ReleaseAVX2|Win32.Build.0 = ReleaseAVX2|Win32
		{612DC4BF-1655-4167-837C-4DD416D83951}.ReleaseAVX2|x64.ActiveCfg = ReleaseAVX2|x64
		{612DC4BF-1655-4167-837C-4DD416D83951}.ReleaseAVX2|x64.Build.0 = ReleaseAVX2|x64
		{3A6F628E-8EC0-486A-A4D5-3152C553114F}.Debug|Win32.ActiveCfg = Debug|Win32
		{3A6F628E-8EC0-486A-A4D5-3152C553114F}.Debug|Win32.Build.0 = Debug|Win32
		{3A6F628E-8EC0-486A-A4D5-3152C553114F}.Debug|x64.ActiveCfg = Debug|x64
		{3A6F628E-8EC0-486A-A4D5-3152C553114F}.Debug|x64.Build.0 = Debug|x64
		{3A6F628E-8EC0-486A-A4D5-3152C553114F}.Release|Win32.ActiveCfg = Release|Win32
		{3A6F628E-8EC0-486A-A4D5-3152C553114F}.Release|Win32.Build.0 = Release|Win32
		{3A6F628E-8EC0-486A-A4D5-3152C553114F}.Release|x64.ActiveCfg = Release|x64
		{3A6F628E-8EC0-486A-A4D5-3152C553114F}.Release|x64.Build.0 = Release|x64
		{3A6F628E-8EC0-486A-A4D5-3152C553114F}.ReleaseAVX|Win32.ActiveCfg = ReleaseAVX|Win32
		{3A6F628E-8EC0-486A-A4D5-3152C553114F}.ReleaseAVX|Win32.Build.0 = ReleaseAVX|Win32
		{3A6F628E-8EC0-486A-A4D5-3152C553114F}.ReleaseAVX|x64.ActiveCfg = ReleaseAVX|x64
		{3A6F628E-8EC0-486A-A4D5-3152C553114F}.ReleaseAVX|x64.Build.0 = ReleaseAVX|x64
		{3A6F628E-8EC0-486A-A4D5-3152C553114F}.ReleaseAVX2|Win32.ActiveCfg = ReleaseAVX2|Win32
		{3A6F628E-8EC0-486A-A4D5-3152C553114F}.ReleaseAVX2|Win32.Build.0 = ReleaseAVX2|Win32
		{3A6F628E-8EC0-486A-A4D5-3152C553114F}.ReleaseAVX2|x64.ActiveCfg = ReleaseAVX2|x64
		{3A6F628E-8EC0-486A-A4D5-3152C553114F}.ReleaseAVX2|x64.Build.0 = ReleaseAVX2|x64
		{80B6E6B5-91F2-4705-9B6B-AF3A6DCD5489}.Debug|Win32.ActiveCfg = Debug|Win32
		{80B6E6B5-91F2-4705-9B6B-AF3A6DCD5489}.Debug|Win32.Build.0 = Debug|Win32
		{80B6E6B5-91F2-4705-9B6B-AF3A6DCD5489}.Debug|x64.ActiveCfg = Debug|x64
		{80B6E6B5-91F2-4705-9B6B-AF3A6DCD5489}.Debug|x64.Build.0 = Debug|x64
		{80B6E6B5-91F2-4705-9B6B-AF3A6DCD5489}.Release|Win32.ActiveCfg = Release|Win32
		{80B6E6B5-91F2-4705-9B6B-AF3A6DCD5489}.Release|Win32.Build.0 = Release|Win32
		{80B6E6B5-91F2-4705-9B6B-AF3A6DCD5489}.Release|x64.ActiveCfg = Release|x64
		{80B6E6B5-91F2-4705-9B6B-AF3A6DCD5489}.Release|x64.Build.0 = Release|x64
		{80B6E6B5-91F2-4705-9B6B-AF3A6DCD5489}.ReleaseAVX|Win32.ActiveCfg = ReleaseAVX|Win32
		{80B6E6B5-91F2-4705-9B6B-AF3A6DCD5489}.ReleaseAVX|Win32.Build.0 = ReleaseAVX|Win32
		{80B6E6B5-91F2-4705-9B6B-AF3A6DCD5489}.ReleaseAVX|x64.ActiveCfg = ReleaseAVX|x64
		{80B6E6B5-91F2-4705-9B6B-AF3A6DCD5489}.ReleaseAVX|x64.Build.0 = ReleaseAVX|x64
		{80B6E6B5-91F2-4705-9B6B-AF3A6DCD5489}.ReleaseAVX2|Win32.ActiveCfg = ReleaseAVX2|Win32
		{80B6E6B5-91F2-4705-9B6B-AF3A6DCD5489}.ReleaseAVX2|Win32.Build.0 = ReleaseAVX2|Win32
		{80B6E6B5-91F2-4705-9B6B-AF3A6DCD5489}.ReleaseAVX2|x64.ActiveCfg = ReleaseAVX2|x64
		{80B6E6B5-91F2-4705-9B6B-AF3A6DCD5489}.ReleaseAVX2|x64.Build.0 = ReleaseAVX2|x64
		{46A3A15E-AE35-41E9-824A-C542F8BA226E}.ReleaseAVX2|x64.Build.0 = ReleaseAVX2|x64
		{46A3A15E-AE35-41E9-824A-C542F8BA226E}.ReleaseAVX2|x64.ActiveCfg = ReleaseAVX2|x64
		{46A3A15E-AE35-41E9-824A-C542F8BA226E}.ReleaseAVX2|Win32.Build.0 = ReleaseAVX2|Win32
		{46A3A15E-AE35-41E9-824A-C542F8BA226E}.ReleaseAVX2|Win32.ActiveCfg = ReleaseAVX2|Win32
		{46A3A15E-AE35-41E9-824A-C542F8BA226E}.ReleaseAVX|x64.Build.0 = ReleaseAVX|x64
		{46A3A15E-AE35-41E9-824A-C542F8BA226E}.ReleaseAVX|x64.ActiveCfg = ReleaseAVX|x64
		{46A3A15E-AE35-41E9-824A-C542F8BA226E}.ReleaseAVX|Win32.Build.0 = ReleaseAVX|Win32
		{46A3A15E-AE35-41E9-824A-C542F8BA226E}.ReleaseAVX|Win32.ActiveCfg = ReleaseAVX|Win32
		{46A3A15E-AE35-41E9-824A-C542F8BA226E}.Release|x64.Build.0 = Release|x64
		{46A3A15E-AE35-41E9-824A-C542F8BA226E}.Release|x64.ActiveCfg = Release|x64
		{46A3A15E-AE35-41E9-824A-C542F8BA226E}.Release|Win32.Build.0 = Release|Win32
		{46A3A15E-AE35-41E9-824A-C542F8BA226E}.Release|Win32.ActiveCfg = Release|Win32
		{46A3A15E-AE35-41E9-824A-C542F8BA226E}.Debug|x64.Build.0 = Debug|x64
		{46A3A15E-AE35-41E9-824A-C542F8BA226E}.Debug|x64.ActiveCfg = Debug|x64
		{46A3A15E-AE35-41E9-824A-C542F8BA226E}.Debug|Win32.Build.0 = Debug|Win32
		{46A3A15E-AE35-41E9-824A-C542F8BA226E}.Debug|Win32.ActiveCfg = Debug|Win32
		{47A3A15E-AE35-41E9-824A-C542F8BA226E}.ReleaseAVX2|x64.Build.0 = ReleaseAVX2|x64
		{47A3A15E-AE35-41E9-824A-C542F8BA226E}.ReleaseAVX2|x64.ActiveCfg = ReleaseAVX2|x64
		{47A3A15E-AE35-41E9-824A-C542F8BA226E}.ReleaseAVX2|Win32.Build.0 = ReleaseAVX2|Win32
		{47A3A15E-AE35-41E9-824A-C542F8BA226E}.ReleaseAVX2|Win32.ActiveCfg = ReleaseAVX2|Win32
		{47A3A15E-AE35-41E9-824A-C542F8BA226E}.ReleaseAVX|x64.Build.0 = ReleaseAVX|x64
		{47A3A15E-AE35-41E9-824A-C542F8BA226E}.ReleaseAVX|x64.ActiveCfg = ReleaseAVX|x64
		{47A3A15E-AE35-41E9-824A-C542F8BA226E}.ReleaseAVX|Win32.Build.0 = ReleaseAVX|Win32
		{47A3A15E-AE35-41E9-824A-C542F8BA226E}.ReleaseAVX|Win32.ActiveCfg = ReleaseAVX|Win32
		{47A3A15E-AE35-41E9-824A-C542F8BA226E}.Release|x64.Build.0 = Release|x64
		{47A3A15E-AE35-41E9-824A-C542F8BA226E}.Release|x64.ActiveCfg = Release|x64
		{47A3A15E-AE35-41E9-824A-C542F8BA226E}.Release|Win32.Build.0 = Release|Win32
		{47A3A15E-AE35-41E9-824A-C542F8BA226E}.Release|Win32.ActiveCfg = Release|Win32
		{47A3A15E-AE35-41E9-824A-C542F8BA226E}.Debug|x64.Build.0 = Debug|x64
		{47A3A15E-AE35-41E9-824A-C542F8BA226E}.Debug|x64.ActiveCfg = Debug|x64
		{47A3A15E-AE35-41E9-824A-C542F8BA226E}.Debug|Win32.Build.0 = Debug|Win32
		{47A3A15E-AE35-41E9-824A-C542F8BA226E}.Debug|Win32.ActiveCfg = Debug|Win32
		{B118AB3D-AB5B-4D86-90C2-8E91E8457710}.ReleaseAVX2|x64.Build.0 = ReleaseAVX2|x64
		{B118AB3D-AB5B-4D86-90C2-8E91E8457710}.ReleaseAVX2|x64.ActiveCfg = ReleaseAVX2|x64
		{B118AB3D-AB5B-4D86-90C2-8E91E8457710}.ReleaseAVX2|Win32.Build.0 = ReleaseAVX2|Win32
		{B118AB3D-AB5B-4D86-90C2-8E91E8457710}.ReleaseAVX2|Win32.ActiveCfg = ReleaseAVX2|Win32
		{B118AB3D-AB5B-4D86-90C2-8E91E8457710}.ReleaseAVX|x64.Build.0 = ReleaseAVX|x64
		{B118AB3D-AB5B-4D86-90C2-8E91E8457710}.ReleaseAVX|x64.ActiveCfg = ReleaseAVX|x64
		{B118AB3D-AB5B-4D86-90C2-8E91E8457710}.ReleaseAVX|Win32.Build.0 = ReleaseAVX|Win32
		{B118AB3D-AB5B-4D86-90C2-8E91E8457710}.ReleaseAVX|Win32.ActiveCfg = ReleaseAVX|Win32
		{B118AB3D-AB5B-4D86-90C2-8E91E8457710}.Release|x64.Build.0 = Release|x64
		{B118AB3D-AB5B-4D86-90C2-8E91E8457710}.Release|x64.ActiveCfg = Release|x64
		{B118AB3D-AB5B-4D86-90C2-8E91E8457710}.Release|Win32.Build.0 = Release|Win32
		{B118AB3D-AB5B-4D86-90C2-8E91E8457710}.Release|Win32.ActiveCfg = Release|Win32
		{B118AB3D-AB5B-4D86-90C2-8E91E8457710}.Debug|x64.Build.0 = Debug|x64
		{B118AB3D-AB5B-4D86-90C2-8E91E8457710}.Debug|x64.ActiveCfg = Debug|x64
		{B118AB3D-AB5B-4D86-90C2-8E91E8457710}.Debug|Win32.Build.0 = Debug|Win32
		{B118AB3D-AB5B-4D86-90C2-8E91E8457710}.Debug|Win32.ActiveCfg = Debug|Win32
		{1CA4782A-3DB4-4EC6-889D-104C61BF26DE}.ReleaseAVX2|x64.Build.0 = ReleaseAVX2|x64
		{1CA4782A-3DB4-4EC6-889D-104C61BF26DE}.ReleaseAVX2|x64.ActiveCfg = ReleaseAVX2|x64
		{1CA4782A-3DB4-4EC6-889D-104C61BF26DE}.ReleaseAVX2|Win32.Build.0 = ReleaseAVX2|Win32
		{1CA4782A-3DB4-4EC6-889D-104C61BF26DE}.ReleaseAVX2|Win32.ActiveCfg = ReleaseAVX2|Win32
		{1CA4782A-3DB4-4EC6-889D-104C61BF26DE}.ReleaseAVX|x64.Build.0 = ReleaseAVX|x64
		{1CA4782A-3DB4-4EC6-889D-104C61BF26DE}.ReleaseAVX|x64.ActiveCfg = ReleaseAVX|x64
		{1CA4782A-3DB4-4EC6-889D-104C61BF26DE}.ReleaseAVX|Win32.Build.0 = ReleaseAVX|Win32
		{1CA4782A-3DB4-4EC6-889D-104C61BF26DE}.ReleaseAVX|Win32.ActiveCfg = ReleaseAVX|Win32
		{1CA4782A-3DB4-4EC6-889D-104C61BF26DE}.Release|x64.Build.0 = Release|x64
		{1CA4782A-3DB4-4EC6-889D-104C61BF26DE}.Release|x64.ActiveCfg = Release|x64
		{1CA4782A-3DB4-4EC6-889D-104C61BF26DE}.Release|Win32.Build.0 = Release|Win32
		{1CA4782A-3DB4-4EC6-889D-104C61BF26DE}.Release|Win32.ActiveCfg = Release|Win32
		{1CA4782A-3DB4-4EC6-889D-104C61BF26DE}.Debug|x64.Build.0 = Debug|x64
		{1CA4782A-3DB4-4EC6-889D-104C61BF26DE}.Debug|x64.ActiveCfg = Debug|x64
		{1CA4782A-3DB4-4EC6-889D-104C61BF26DE}.Debug|Win32.Build.0 = Debug|Win32
		{1CA4782A-3DB4-4EC6-889D-104C61BF26DE}.Debug|Win32.ActiveCfg = Debug|Win32
		{F8965E6E-70F2-49D0-AC35-8A399C123541}.ReleaseAVX2|x64.Build.0 = ReleaseAVX2|x64
		{F8965E6E-70F2-49D0-AC35-8A399C123541}.ReleaseAVX2|x64.ActiveCfg = ReleaseAVX2|x64
		{F8965E6E-70F2-49D0-AC35-8A399C123541}.ReleaseAVX2|Win32.Build.0 = ReleaseAVX2|Win32
		{F8965E6E-70F2-49D0-AC35-8A399C123541}.ReleaseAVX2|Win32.ActiveCfg = ReleaseAVX2|Win32
		{F8965E6E-70F2-49D0-AC35-8A399C123541}.ReleaseAVX|x64.Build.0 = ReleaseAVX|x64
		{F8965E6E-70F2-49D0-AC35-8A399C123541}.ReleaseAVX|x64.ActiveCfg = ReleaseAVX|x64
		{F8965E6E-70F2-49D0-AC35-8A399C123541}.ReleaseAVX|Win32.Build.0 = ReleaseAVX|Win32
		{F8965E6E-70F2-49D0-AC35-8A399C123541}.ReleaseAVX|Win32.ActiveCfg = ReleaseAVX|Win32
		{F8965E6E-70F2-49D0-AC35-8A399C123541}.Release|x64.Build.0 = Release|x64
		{F8965E6E-70F2-49D0-AC35-8A399C123541}.Release|x64.ActiveCfg = Release|x64
		{F8965E6E-70F2-49D0-AC35-8A399C123541}.Release|Win32.Build.0 = Release|Win32
		{F8965E6E-70F2-49D0-AC35-8A399C123541}.Release|Win32.ActiveCfg = Release|Win32
		{F8965E6E-70F2-49D0-AC35-8A399C123541}.Debug|x64.Build.0 = Debug|x64
		{F8965E6E-70F2-49D0-AC35-8A399C123541}.Debug|x64.ActiveCfg = Debug|x64
		{F8965E6E-70F2-49D0-AC35-8A399C123541}.Debug|Win32.Build.0 = Debug|Win32
		{F8965E6E-70F2-49D0-AC35-8A399C123541}.Debug|Win32.ActiveCfg = Debug|Win32
		{ED848C9A-C161-4036-9DF7-EB169BCB81BC}.ReleaseAVX2|x64.Build.0 = ReleaseAVX2|x64
		{ED848C9A-C161-4036-9DF7-EB169BCB81BC}.ReleaseAVX2|x64.ActiveCfg = ReleaseAVX2|x64
		{ED848C9A-C161-4036-9DF7-EB169BCB81BC}.ReleaseAVX2|Win32.Build.0 = ReleaseAVX2|Win32
		{ED848C9A-C161-4036-9DF7-EB169BCB81BC}.ReleaseAVX2|Win32.ActiveCfg = ReleaseAVX2|Win32
		{ED848C9A-C161-4036-9DF7-EB169BCB81BC}.ReleaseAVX|x64.Build.0 = ReleaseAVX|x64
		{ED848C9A-C161-4036-9DF7-EB169BCB81BC}.ReleaseAVX|x64.ActiveCfg = ReleaseAVX|x64
		{ED848C9A-C161-4036-9DF7-EB169BCB81BC}.ReleaseAVX|Win32.Build.0 = ReleaseAVX|Win32
		{ED848C9A-C161-4036-9DF7-EB169BCB81BC}.ReleaseAVX|Win32.ActiveCfg = ReleaseAVX|Win32
		{ED848C9A-C161-4036-9DF7-EB169BCB81BC}.Release|x64.Build.0 = Release|x64
		{ED848C9A-C161-4036-9DF7-EB169BCB81BC}.Release|x64.ActiveCfg = Release|x64
		{ED848C9A-C161-4036-9DF7-EB169BCB81BC}.Release|Win32.Build.0 = Release|Win32
		{ED848C9A-C161-4036-9DF7-EB169BCB81BC}.Release|Win32.ActiveCfg = Release|Win32
		{ED848C9A-C161-4036-9DF7-EB169BCB81BC}.Debug|x64.Build.0 = Debug|x64
		{ED848C9A-C161-4036-9DF7-EB169BCB81BC}.Debug|x64.ActiveCfg = Debug|x64
		{ED848C9A-C161-4036-9DF7-EB169BCB81BC}.Debug|Win32.Build.0 = Debug|Win32
		{ED848C9A-C161-4036-9DF7-EB169BCB81BC}.Debug|Win32.ActiveCfg = Debug|Win32
		{EE858C9A-C161-4036-8DF7-EB169BCB81BC}.ReleaseAVX2|x64.Build.0 = ReleaseAVX2|x64
		{EE858C9A-C161-4036-8DF7-EB169BCB81BC}.ReleaseAVX2|x64.ActiveCfg = ReleaseAVX2|x64
		{EE858C9A-C161-4036-8DF7-EB169BCB81BC}.ReleaseAVX2|Win32.Build.0 = ReleaseAVX2|Win32
		{EE858C9A-C161-4036-8DF7-EB169BCB81BC}.ReleaseAVX2|Win32.ActiveCfg = ReleaseAVX2|Win32
		{EE858C9A-C161-4036-8DF7-EB169BCB81BC}.ReleaseAVX|x64.Build.0 = ReleaseAVX|x64
		{EE858C9A-C161-4036-8DF7-EB169BCB81BC}.ReleaseAVX|x64.ActiveCfg = ReleaseAVX|x64
		{EE858C9A-C161-4036-8DF7-EB169BCB81BC}.ReleaseAVX|Win32.Build.0 = ReleaseAVX|Win32
		{EE858C9A-C161-4036-8DF7-EB169BCB81BC}.ReleaseAVX|Win32.ActiveCfg = ReleaseAVX|Win32
		{EE858C9A-C161-4036-8DF7-EB169BCB81BC}.Release|x64.Build.0 = Release|x64
		{EE858C9A-C161-4036-8DF7-EB169BCB81BC}.Release|x64.ActiveCfg = Release|x64
		{EE858C9A-C161-4036-8DF7-EB169BCB81BC}.Release|Win32.Build.0 = Release|Win32
		{EE858C9A-C161-4036-8DF7-EB169BCB81BC}.Release|Win32.ActiveCfg = Release|Win32
		{EE858C9A-C161-4036-8DF7-EB169BCB81BC}.Debug|x64.Build.0 = Debug|x64
		{EE858C9A-C161-4036-8DF7-EB169BCB81BC}.Debug|x64.ActiveCfg = Debug|x64
		{EE858C9A-C161-4036-8DF7-EB169BCB81BC}.Debug|Win32.Build.0 = Debug|Win32
		{EE858C9A-C161-4036-8DF7-EB169BCB81BC}.Debug|Win32.ActiveCfg = Debug|Win32
		{F8965E6E-70F2-49D0-AC35-8A399C123548}.ReleaseAVX2|x64.Build.0 = ReleaseAVX2|x64
		{F8965E6E-70F2-49D0-AC35-8A399C123548}.ReleaseAVX2|x64.ActiveCfg = ReleaseAVX2|x64
		{F8965E6E-70F2-49D0-AC35-8A399C123548}.ReleaseAVX2|Win32.Build.0 = ReleaseAVX2|Win32
		{F8965E6E-70F2-49D0-AC35-8A399C123548}.ReleaseAVX2|Win32.ActiveCfg = ReleaseAVX2|Win32
		{F8965E6E-70F2-49D0-AC35-8A399C123548}.ReleaseAVX|x64.Build.0 = ReleaseAVX|x64
		{F8965E6E-70F2-49D0-AC35-8A399C123548}.ReleaseAVX|x64.ActiveCfg = ReleaseAVX|x64
		{F8965E6E-70F2-49D0-AC35-8A399C123548}.ReleaseAVX|Win32.Build.0 = ReleaseAVX|Win32
		{F8965E6E-70F2-49D0-AC35-8A399C123548}.ReleaseAVX|Win32.ActiveCfg = ReleaseAVX|Win32
		{F8965E6E-70F2-49D0-AC35-8A399C123548}.Release|x64.Build.0 = Release|x64
		{F8965E6E-70F2-49D0-AC35-8A399C123548}.Release|x64.ActiveCfg = Release|x64
		{F8965E6E-70F2-49D0-AC35-8A399C123548}.Release|Win32.Build.0 = Release|Win32
		{F8965E6E-70F2-49D0-AC35-8A399C123548}.Release|Win32.ActiveCfg = Release|Win32
		{F8965E6E-70F2-49D0-AC35-8A399C123548}.Debug|x64.Build.0 = Debug|x64
		{F8965E6E-70F2-49D0-AC35-8A399C123548}.Debug|x64.ActiveCfg = Debug|x64
		{F8965E6E-70F2-49D0-AC35-8A399C123548}.Debug|Win32.Build.0 = Debug|Win32
		{F8965E6E-70F2-49D0-AC35-8A399C123548}.Debug|Win32.ActiveCfg = Debug|Win32
		{ED848C9A-C161-4036-8DF7-EB169BCB81BC}.ReleaseAVX2|x64.Build.0 = ReleaseAVX2|x64
		{ED848C9A-C161-4036-8DF7-EB169BCB81BC}.ReleaseAVX2|x64.ActiveCfg = ReleaseAVX2|x64
		{ED848C9A-C161-4036-8DF7-EB169BCB81BC}.ReleaseAVX2|Win32.Build.0 = ReleaseAVX2|Win32
		{ED848C9A-C161-4036-8DF7-EB169BCB81BC}.ReleaseAVX2|Win32.ActiveCfg = ReleaseAVX2|Win32
		{ED848C9A-C161-4036-8DF7-EB169BCB81BC}.ReleaseAVX|x64.Build.0 = ReleaseAVX|x64
		{ED848C9A-C161-4036-8DF7-EB169BCB81BC}.ReleaseAVX|x64.ActiveCfg = ReleaseAVX|x64
		{ED848C9A-C161-4036-8DF7-EB169BCB81BC}.ReleaseAVX|Win32.Build.0 = ReleaseAVX|Win32
		{ED848C9A-C161-4036-8DF7-EB169BCB81BC}.ReleaseAVX|Win32.ActiveCfg = ReleaseAVX|Win32
		{ED848C9A-C161-4036-8DF7-EB169BCB81BC}.Release|x64.Build.0 = Release|x64
		{ED848C9A-C161-4036-8DF7-EB169BCB81BC}.Release|x64.ActiveCfg = Release|x64
		{ED848C9A-C161-4036-8DF7-EB169BCB81BC}.Release|Win32.Build.0 = Release|Win32
		{ED848C9A-C161-4036-8DF7-EB169BCB81BC}.Release|Win32.ActiveCfg = Release|Win32
		{ED848C9A-C161-4036-8DF7-EB169BCB81BC}.Debug|x64.Build.0 = Debug|x64
		{ED848C9A-C161-4036-8DF7-EB169BCB81BC}.Debug|x64.ActiveCfg = Debug|x64
		{ED848C9A-C161-4036-8DF7-EB169BCB81BC}.Debug|Win32.Build.0 = Debug|Win32
		{ED848C9A-C161-4036-8DF7-EB169BCB81BC}.Debug|Win32.ActiveCfg = Debug|Win32
	EndGlobalSection
	GlobalSection(SolutionProperties) = preSolution
		HideSolutionNode = FALSE
	EndGlobalSection
	GlobalSection(NestedProjects) = preSolution
		{F51DB532-2CFB-4C4C-9C3A-B23F94C2811D} = {E728A04F-9662-4246-9FA3-640C28A7BFC7}
		{D8ACAEEA-07BB-48F1-A342-1D72752BB338} = {E728A04F-9662-4246-9FA3-640C28A7BFC7}
		{06A4FEC4-58E5-46CC-BF09-F1D816E424B7} = {E728A04F-9662-4246-9FA3-640C28A7BFC7}
		{A1912092-78E3-4C00-8EAB-B7CFC7B6E523} = {E728A04F-9662-4246-9FA3-640C28A7BFC7}
		{8F98B3AB-320B-4BFE-9E19-978F6EE55CBE} = {F51DB532-2CFB-4C4C-9C3A-B23F94C2811D}
		{AF49135E-17B5-4206-872C-8B981E0956ED} = {F51DB532-2CFB-4C4C-9C3A-B23F94C2811D}
		{EECC5C81-259B-4FB3-BB80-496D7C98CE14} = {F51DB532-2CFB-4C4C-9C3A-B23F94C2811D}
		{1128EA1D-0270-4361-A051-A10E29B67EF1} = {D8ACAEEA-07BB-48F1-A342-1D72752BB338}
		{612DC4BF-1655-4167-837C-4DD416D83951} = {D8ACAEEA-07BB-48F1-A342-1D72752BB338}
		{3A6F628E-8EC0-486A-A4D5-3152C553114F} = {D8ACAEEA-07BB-48F1-A342-1D72752BB338}
		{80B6E6B5-91F2-4705-9B6B-AF3A6DCD5489} = {D8ACAEEA-07BB-48F1-A342-1D72752BB338}
	EndGlobalSection
EndGlobal
